{
  "name": "vehla-developer-security-tools",
  "version": "1.0.0",
  "lockfileVersion": 3,
  "requires": true,
  "packages": {
    "": {
      "name": "vehla-developer-security-tools",
      "version": "1.0.0",
      "dependencies": {
        "@vehla/store-sdk": "file:../../sdk/typescript"
      }
    },
    "node_modules/@vehla/store-sdk": {
      "version": "0.1.0",
      "resolved": "file:../../sdk/typescript",
      "license": "UNLICENSED",
      "engines": {
        "node": ">=20"
      }
    }
  }
}
